
Microsoft Visual Studio Solution File, Format Version 11.00
# Visual Studio 2010
Project("{8BC9CEB8-8B4A-11D0-8D11-00A0C91BC942}") = "zlib_compress", "zlib_compress\zlib_compress.vcxproj", "{7696944E-D004-4BFD-89DA-F0DC656921C8}"
EndProject
Project("{8BC9CEB8-8B4A-11D0-8D11-00A0C91BC942}") = "zlib_decompress", "zlib_decompress\zlib_decompress.vcxproj", "{F74778B6-98BA-4A8B-B7E9-91CE72A3D69D}"
EndProject
Global
	GlobalSection(SolutionConfigurationPlatforms) = preSolution
		Debug|Win32 = Debug|Win32
		Release|Win32 = Release|Win32
	EndGlobalSection
	GlobalSection(ProjectConfigurationPlatforms) = postSolution
		{7696944E-D004-4BFD-89DA-F0DC656921C8}.Debug|Win32.ActiveCfg = Release|Win32
		{7696944E-D004-4BFD-89DA-F0DC656921C8}.Debug|Win32.Build.0 = Release|Win32
		{7696944E-D004-4BFD-89DA-F0DC656921C8}.Release|Win32.ActiveCfg = Release|Win32
		{7696944E-D004-4BFD-89DA-F0DC656921C8}.Release|Win32.Build.0 = Release|Win32
		{F74778B6-98BA-4A8B-B7E9-91CE72A3D69D}.Debug|Win32.ActiveCfg = Release|Win32
		{F74778B6-98BA-4A8B-B7E9-91CE72A3D69D}.Debug|Win32.Build.0 = Release|Win32
		{F74778B6-98BA-4A8B-B7E9-91CE72A3D69D}.Release|Win32.ActiveCfg = Release|Win32
		{F74778B6-98BA-4A8B-B7E9-91CE72A3D69D}.Release|Win32.Build.0 = Release|Win32
	EndGlobalSection
	GlobalSection(SolutionProperties) = preSolution
		HideSolutionNode = FALSE
	EndGlobalSection
EndGlobal
